// !$*UTF8*$!
{
	archiveVersion = 1;
	classes = {
	};
	objectVersion = 48;
	objects = {

/* Begin PBXBuildFile section */
		552A721C1FB439E400190AB7 /* Digest.swift in Sources */ = {isa = PBXBuildFile; fileRef = 552A721B1FB439E400190AB7 /* Digest.swift */; };
		552A721D1FB439E400190AB7 /* Digest.swift in Sources */ = {isa = PBXBuildFile; fileRef = 552A721B1FB439E400190AB7 /* Digest.swift */; };
		552A721E1FB439E400190AB7 /* Digest.swift in Sources */ = {isa = PBXBuildFile; fileRef = 552A721B1FB439E400190AB7 /* Digest.swift */; };
		552A721F1FB439E400190AB7 /* Digest.swift in Sources */ = {isa = PBXBuildFile; fileRef = 552A721B1FB439E400190AB7 /* Digest.swift */; };
		552A72211FB43DE000190AB7 /* Random.swift in Sources */ = {isa = PBXBuildFile; fileRef = 552A72201FB43DE000190AB7 /* Random.swift */; };
		552A72221FB43DE000190AB7 /* Random.swift in Sources */ = {isa = PBXBuildFile; fileRef = 552A72201FB43DE000190AB7 /* Random.swift */; };
		552A72231FB43DE000190AB7 /* Random.swift in Sources */ = {isa = PBXBuildFile; fileRef = 552A72201FB43DE000190AB7 /* Random.swift */; };
		552A72241FB43DE000190AB7 /* Random.swift in Sources */ = {isa = PBXBuildFile; fileRef = 552A72201FB43DE000190AB7 /* Random.swift */; };
		552A72261FB43FC500190AB7 /* RandomTests.swift in Sources */ = {isa = PBXBuildFile; fileRef = 552A72251FB43FC500190AB7 /* RandomTests.swift */; };
		552A72271FB43FC500190AB7 /* RandomTests.swift in Sources */ = {isa = PBXBuildFile; fileRef = 552A72251FB43FC500190AB7 /* RandomTests.swift */; };
		552A72281FB43FC500190AB7 /* RandomTests.swift in Sources */ = {isa = PBXBuildFile; fileRef = 552A72251FB43FC500190AB7 /* RandomTests.swift */; };
		552A722A1FB441FE00190AB7 /* CryptoError.swift in Sources */ = {isa = PBXBuildFile; fileRef = 552A72291FB441FE00190AB7 /* CryptoError.swift */; };
		552A722B1FB441FE00190AB7 /* CryptoError.swift in Sources */ = {isa = PBXBuildFile; fileRef = 552A72291FB441FE00190AB7 /* CryptoError.swift */; };
		552A722C1FB441FE00190AB7 /* CryptoError.swift in Sources */ = {isa = PBXBuildFile; fileRef = 552A72291FB441FE00190AB7 /* CryptoError.swift */; };
		552A722D1FB441FE00190AB7 /* CryptoError.swift in Sources */ = {isa = PBXBuildFile; fileRef = 552A72291FB441FE00190AB7 /* CryptoError.swift */; };
		552A722F1FB445B500190AB7 /* KeyDerivation.swift in Sources */ = {isa = PBXBuildFile; fileRef = 552A722E1FB445B500190AB7 /* KeyDerivation.swift */; };
		552A72301FB445B500190AB7 /* KeyDerivation.swift in Sources */ = {isa = PBXBuildFile; fileRef = 552A722E1FB445B500190AB7 /* KeyDerivation.swift */; };
		552A72311FB445B500190AB7 /* KeyDerivation.swift in Sources */ = {isa = PBXBuildFile; fileRef = 552A722E1FB445B500190AB7 /* KeyDerivation.swift */; };
		552A72321FB445B500190AB7 /* KeyDerivation.swift in Sources */ = {isa = PBXBuildFile; fileRef = 552A722E1FB445B500190AB7 /* KeyDerivation.swift */; };
		552A72341FB456FE00190AB7 /* KeyDerivationTests.swift in Sources */ = {isa = PBXBuildFile; fileRef = 552A72331FB456FE00190AB7 /* KeyDerivationTests.swift */; };
		552A72351FB456FE00190AB7 /* KeyDerivationTests.swift in Sources */ = {isa = PBXBuildFile; fileRef = 552A72331FB456FE00190AB7 /* KeyDerivationTests.swift */; };
		552A72361FB456FE00190AB7 /* KeyDerivationTests.swift in Sources */ = {isa = PBXBuildFile; fileRef = 552A72331FB456FE00190AB7 /* KeyDerivationTests.swift */; };
		552A72381FB45C7500190AB7 /* PBKDF2TestData.swift in Sources */ = {isa = PBXBuildFile; fileRef = 552A72371FB45C7500190AB7 /* PBKDF2TestData.swift */; };
		552A72391FB45C7500190AB7 /* PBKDF2TestData.swift in Sources */ = {isa = PBXBuildFile; fileRef = 552A72371FB45C7500190AB7 /* PBKDF2TestData.swift */; };
		552A723A1FB45C7500190AB7 /* PBKDF2TestData.swift in Sources */ = {isa = PBXBuildFile; fileRef = 552A72371FB45C7500190AB7 /* PBKDF2TestData.swift */; };
		552A723D1FB4669400190AB7 /* DigestTests.swift in Sources */ = {isa = PBXBuildFile; fileRef = 552A723C1FB4669400190AB7 /* DigestTests.swift */; };
		552A723E1FB4669400190AB7 /* DigestTests.swift in Sources */ = {isa = PBXBuildFile; fileRef = 552A723C1FB4669400190AB7 /* DigestTests.swift */; };
		552A723F1FB4669400190AB7 /* DigestTests.swift in Sources */ = {isa = PBXBuildFile; fileRef = 552A723C1FB4669400190AB7 /* DigestTests.swift */; };
		552A72411FB466F400190AB7 /* HashTestData.swift in Sources */ = {isa = PBXBuildFile; fileRef = 552A72401FB466F400190AB7 /* HashTestData.swift */; };
		552A72421FB466F400190AB7 /* HashTestData.swift in Sources */ = {isa = PBXBuildFile; fileRef = 552A72401FB466F400190AB7 /* HashTestData.swift */; };
		552A72431FB466F400190AB7 /* HashTestData.swift in Sources */ = {isa = PBXBuildFile; fileRef = 552A72401FB466F400190AB7 /* HashTestData.swift */; };
		552A72451FB46EDB00190AB7 /* SymmetricKeyWrap.swift in Sources */ = {isa = PBXBuildFile; fileRef = 552A72441FB46EDB00190AB7 /* SymmetricKeyWrap.swift */; };
		552A72461FB46EDB00190AB7 /* SymmetricKeyWrap.swift in Sources */ = {isa = PBXBuildFile; fileRef = 552A72441FB46EDB00190AB7 /* SymmetricKeyWrap.swift */; };
		552A72471FB46EDB00190AB7 /* SymmetricKeyWrap.swift in Sources */ = {isa = PBXBuildFile; fileRef = 552A72441FB46EDB00190AB7 /* SymmetricKeyWrap.swift */; };
		552A72481FB46EDB00190AB7 /* SymmetricKeyWrap.swift in Sources */ = {isa = PBXBuildFile; fileRef = 552A72441FB46EDB00190AB7 /* SymmetricKeyWrap.swift */; };
		552A724A1FB47CB600190AB7 /* KeyWrapTestData.swift in Sources */ = {isa = PBXBuildFile; fileRef = 552A72491FB47CB600190AB7 /* KeyWrapTestData.swift */; };
		552A724B1FB47CB600190AB7 /* KeyWrapTestData.swift in Sources */ = {isa = PBXBuildFile; fileRef = 552A72491FB47CB600190AB7 /* KeyWrapTestData.swift */; };
		552A724C1FB47CB600190AB7 /* KeyWrapTestData.swift in Sources */ = {isa = PBXBuildFile; fileRef = 552A72491FB47CB600190AB7 /* KeyWrapTestData.swift */; };
		552A724E1FB47DD000190AB7 /* KeyWrapTests.swift in Sources */ = {isa = PBXBuildFile; fileRef = 552A724D1FB47DD000190AB7 /* KeyWrapTests.swift */; };
		552A724F1FB47DD000190AB7 /* KeyWrapTests.swift in Sources */ = {isa = PBXBuildFile; fileRef = 552A724D1FB47DD000190AB7 /* KeyWrapTests.swift */; };
		552A72501FB47DD000190AB7 /* KeyWrapTests.swift in Sources */ = {isa = PBXBuildFile; fileRef = 552A724D1FB47DD000190AB7 /* KeyWrapTests.swift */; };
		552A72521FB481AB00190AB7 /* Cryptor.swift in Sources */ = {isa = PBXBuildFile; fileRef = 552A72511FB481AB00190AB7 /* Cryptor.swift */; };
		552A72531FB481AB00190AB7 /* Cryptor.swift in Sources */ = {isa = PBXBuildFile; fileRef = 552A72511FB481AB00190AB7 /* Cryptor.swift */; };
		552A72541FB481AB00190AB7 /* Cryptor.swift in Sources */ = {isa = PBXBuildFile; fileRef = 552A72511FB481AB00190AB7 /* Cryptor.swift */; };
		552A72551FB481AB00190AB7 /* Cryptor.swift in Sources */ = {isa = PBXBuildFile; fileRef = 552A72511FB481AB00190AB7 /* Cryptor.swift */; };
		552A725D1FB5B69E00190AB7 /* CryptorTests.swift in Sources */ = {isa = PBXBuildFile; fileRef = 552A725C1FB5B67A00190AB7 /* CryptorTests.swift */; };
		552A725E1FB5B69E00190AB7 /* CryptorTests.swift in Sources */ = {isa = PBXBuildFile; fileRef = 552A725C1FB5B67A00190AB7 /* CryptorTests.swift */; };
		552A725F1FB5B69F00190AB7 /* CryptorTests.swift in Sources */ = {isa = PBXBuildFile; fileRef = 552A725C1FB5B67A00190AB7 /* CryptorTests.swift */; };
		552A72611FB5CC7900190AB7 /* Crypto+Unsafe.swift in Sources */ = {isa = PBXBuildFile; fileRef = 552A72601FB5CC7900190AB7 /* Crypto+Unsafe.swift */; };
		552A72621FB5CC7900190AB7 /* Crypto+Unsafe.swift in Sources */ = {isa = PBXBuildFile; fileRef = 552A72601FB5CC7900190AB7 /* Crypto+Unsafe.swift */; };
		552A72631FB5CC7900190AB7 /* Crypto+Unsafe.swift in Sources */ = {isa = PBXBuildFile; fileRef = 552A72601FB5CC7900190AB7 /* Crypto+Unsafe.swift */; };
		552A72641FB5CC7900190AB7 /* Crypto+Unsafe.swift in Sources */ = {isa = PBXBuildFile; fileRef = 552A72601FB5CC7900190AB7 /* Crypto+Unsafe.swift */; };
		552A72661FB5E0C200190AB7 /* SymmetricTestData.swift in Sources */ = {isa = PBXBuildFile; fileRef = 552A72651FB5E0C200190AB7 /* SymmetricTestData.swift */; };
		552A72671FB5E0C200190AB7 /* SymmetricTestData.swift in Sources */ = {isa = PBXBuildFile; fileRef = 552A72651FB5E0C200190AB7 /* SymmetricTestData.swift */; };
		552A72681FB5E0C200190AB7 /* SymmetricTestData.swift in Sources */ = {isa = PBXBuildFile; fileRef = 552A72651FB5E0C200190AB7 /* SymmetricTestData.swift */; };
		553278A41FB1AB05009320F3 /* HMAC.swift in Sources */ = {isa = PBXBuildFile; fileRef = 5562B4BB1FB08BB1000E0F88 /* HMAC.swift */; };
		553278B81FB1ABA0009320F3 /* HMAC.swift in Sources */ = {isa = PBXBuildFile; fileRef = 5562B4BB1FB08BB1000E0F88 /* HMAC.swift */; };
		553278BF1FB1ABC4009320F3 /* Crypto.h in Headers */ = {isa = PBXBuildFile; fileRef = 5562B4971FB087FE000E0F88 /* Crypto.h */; settings = {ATTRIBUTES = (Public, ); }; };
		553278C01FB1ABC4009320F3 /* Crypto.h in Headers */ = {isa = PBXBuildFile; fileRef = 5562B4971FB087FE000E0F88 /* Crypto.h */; settings = {ATTRIBUTES = (Public, ); }; };
		553278CE1FB1AC1A009320F3 /* HMAC.swift in Sources */ = {isa = PBXBuildFile; fileRef = 5562B4BB1FB08BB1000E0F88 /* HMAC.swift */; };
		553278D51FB1AC1E009320F3 /* Crypto.h in Headers */ = {isa = PBXBuildFile; fileRef = 5562B4971FB087FE000E0F88 /* Crypto.h */; settings = {ATTRIBUTES = (Public, ); }; };
		553278E21FB1AD55009320F3 /* Crypto.framework in Frameworks */ = {isa = PBXBuildFile; fileRef = 553278B01FB1AB76009320F3 /* Crypto.framework */; };
		553278F11FB1AD64009320F3 /* Crypto.framework in Frameworks */ = {isa = PBXBuildFile; fileRef = 553278C61FB1ABDF009320F3 /* Crypto.framework */; };
		553278F71FB1AE83009320F3 /* HMACTests.swift in Sources */ = {isa = PBXBuildFile; fileRef = 5562B4A21FB087FE000E0F88 /* HMACTests.swift */; };
		553278FC1FB1AE83009320F3 /* HMACTestData.swift in Sources */ = {isa = PBXBuildFile; fileRef = 5562B4BD1FB08F45000E0F88 /* HMACTestData.swift */; };
		553278FE1FB1AE83009320F3 /* TestUtilities.swift in Sources */ = {isa = PBXBuildFile; fileRef = 5562B4C01FB0A01D000E0F88 /* TestUtilities.swift */; };
		553278FF1FB1AE84009320F3 /* HMACTests.swift in Sources */ = {isa = PBXBuildFile; fileRef = 5562B4A21FB087FE000E0F88 /* HMACTests.swift */; };
		553279041FB1AE84009320F3 /* HMACTestData.swift in Sources */ = {isa = PBXBuildFile; fileRef = 5562B4BD1FB08F45000E0F88 /* HMACTestData.swift */; };
		553279061FB1AE84009320F3 /* TestUtilities.swift in Sources */ = {isa = PBXBuildFile; fileRef = 5562B4C01FB0A01D000E0F88 /* TestUtilities.swift */; };
		5562B49E1FB087FE000E0F88 /* Crypto.framework in Frameworks */ = {isa = PBXBuildFile; fileRef = 5562B4941FB087FE000E0F88 /* Crypto.framework */; };
		5562B4A31FB087FE000E0F88 /* HMACTests.swift in Sources */ = {isa = PBXBuildFile; fileRef = 5562B4A21FB087FE000E0F88 /* HMACTests.swift */; };
		5562B4A51FB087FF000E0F88 /* Crypto.h in Headers */ = {isa = PBXBuildFile; fileRef = 5562B4971FB087FE000E0F88 /* Crypto.h */; settings = {ATTRIBUTES = (Public, ); }; };
		5562B4BC1FB08BB1000E0F88 /* HMAC.swift in Sources */ = {isa = PBXBuildFile; fileRef = 5562B4BB1FB08BB1000E0F88 /* HMAC.swift */; };
		5562B4BF1FB08F4A000E0F88 /* HMACTestData.swift in Sources */ = {isa = PBXBuildFile; fileRef = 5562B4BD1FB08F45000E0F88 /* HMACTestData.swift */; };
		5562B4C11FB0A01D000E0F88 /* TestUtilities.swift in Sources */ = {isa = PBXBuildFile; fileRef = 5562B4C01FB0A01D000E0F88 /* TestUtilities.swift */; };
/* End PBXBuildFile section */

/* Begin PBXContainerItemProxy section */
		553278E31FB1AD55009320F3 /* PBXContainerItemProxy */ = {
			isa = PBXContainerItemProxy;
			containerPortal = 5562B48B1FB087FE000E0F88 /* Project object */;
			proxyType = 1;
			remoteGlobalIDString = 553278AF1FB1AB76009320F3;
			remoteInfo = "OTP-tvOS";
		};
		553278F21FB1AD64009320F3 /* PBXContainerItemProxy */ = {
			isa = PBXContainerItemProxy;
			containerPortal = 5562B48B1FB087FE000E0F88 /* Project object */;
			proxyType = 1;
			remoteGlobalIDString = 553278C51FB1ABDF009320F3;
			remoteInfo = "OTP-macOS";
		};
		5562B49F1FB087FE000E0F88 /* PBXContainerItemProxy */ = {
			isa = PBXContainerItemProxy;
			containerPortal = 5562B48B1FB087FE000E0F88 /* Project object */;
			proxyType = 1;
			remoteGlobalIDString = 5562B4931FB087FE000E0F88;
			remoteInfo = TOTP;
		};
/* End PBXContainerItemProxy section */

/* Begin PBXFileReference section */
		552A721B1FB439E400190AB7 /* Digest.swift */ = {isa = PBXFileReference; lastKnownFileType = sourcecode.swift; path = Digest.swift; sourceTree = "<group>"; };
		552A72201FB43DE000190AB7 /* Random.swift */ = {isa = PBXFileReference; lastKnownFileType = sourcecode.swift; path = Random.swift; sourceTree = "<group>"; };
		552A72251FB43FC500190AB7 /* RandomTests.swift */ = {isa = PBXFileReference; lastKnownFileType = sourcecode.swift; path = RandomTests.swift; sourceTree = "<group>"; };
		552A72291FB441FE00190AB7 /* CryptoError.swift */ = {isa = PBXFileReference; lastKnownFileType = sourcecode.swift; path = CryptoError.swift; sourceTree = "<group>"; };
		552A722E1FB445B500190AB7 /* KeyDerivation.swift */ = {isa = PBXFileReference; lastKnownFileType = sourcecode.swift; path = KeyDerivation.swift; sourceTree = "<group>"; };
		552A72331FB456FE00190AB7 /* KeyDerivationTests.swift */ = {isa = PBXFileReference; lastKnownFileType = sourcecode.swift; path = KeyDerivationTests.swift; sourceTree = "<group>"; };
		552A72371FB45C7500190AB7 /* PBKDF2TestData.swift */ = {isa = PBXFileReference; lastKnownFileType = sourcecode.swift; path = PBKDF2TestData.swift; sourceTree = "<group>"; };
		552A723C1FB4669400190AB7 /* DigestTests.swift */ = {isa = PBXFileReference; lastKnownFileType = sourcecode.swift; path = DigestTests.swift; sourceTree = "<group>"; };
		552A72401FB466F400190AB7 /* HashTestData.swift */ = {isa = PBXFileReference; lastKnownFileType = sourcecode.swift; path = HashTestData.swift; sourceTree = "<group>"; };
		552A72441FB46EDB00190AB7 /* SymmetricKeyWrap.swift */ = {isa = PBXFileReference; lastKnownFileType = sourcecode.swift; path = SymmetricKeyWrap.swift; sourceTree = "<group>"; };
		552A72491FB47CB600190AB7 /* KeyWrapTestData.swift */ = {isa = PBXFileReference; lastKnownFileType = sourcecode.swift; path = KeyWrapTestData.swift; sourceTree = "<group>"; };
		552A724D1FB47DD000190AB7 /* KeyWrapTests.swift */ = {isa = PBXFileReference; lastKnownFileType = sourcecode.swift; path = KeyWrapTests.swift; sourceTree = "<group>"; };
		552A72511FB481AB00190AB7 /* Cryptor.swift */ = {isa = PBXFileReference; lastKnownFileType = sourcecode.swift; path = Cryptor.swift; sourceTree = "<group>"; };
		552A725C1FB5B67A00190AB7 /* CryptorTests.swift */ = {isa = PBXFileReference; lastKnownFileType = sourcecode.swift; path = CryptorTests.swift; sourceTree = "<group>"; };
		552A72601FB5CC7900190AB7 /* Crypto+Unsafe.swift */ = {isa = PBXFileReference; lastKnownFileType = sourcecode.swift; path = "Crypto+Unsafe.swift"; sourceTree = "<group>"; };
		552A72651FB5E0C200190AB7 /* SymmetricTestData.swift */ = {isa = PBXFileReference; lastKnownFileType = sourcecode.swift; path = SymmetricTestData.swift; sourceTree = "<group>"; };
		5532789C1FB1AAA1009320F3 /* Crypto.framework */ = {isa = PBXFileReference; explicitFileType = wrapper.framework; includeInIndex = 0; path = Crypto.framework; sourceTree = BUILT_PRODUCTS_DIR; };
		553278B01FB1AB76009320F3 /* Crypto.framework */ = {isa = PBXFileReference; explicitFileType = wrapper.framework; includeInIndex = 0; path = Crypto.framework; sourceTree = BUILT_PRODUCTS_DIR; };
		553278C61FB1ABDF009320F3 /* Crypto.framework */ = {isa = PBXFileReference; explicitFileType = wrapper.framework; includeInIndex = 0; path = Crypto.framework; sourceTree = BUILT_PRODUCTS_DIR; };
		553278D71FB1ACAD009320F3 /* CryptoTests-Info.plist */ = {isa = PBXFileReference; lastKnownFileType = text.plist.xml; path = "CryptoTests-Info.plist"; sourceTree = "<group>"; };
		553278D81FB1ACAD009320F3 /* Crypto-Info.plist */ = {isa = PBXFileReference; lastKnownFileType = text.plist.xml; path = "Crypto-Info.plist"; sourceTree = "<group>"; };
		553278DD1FB1AD55009320F3 /* CryptoTests-tvOS.xctest */ = {isa = PBXFileReference; explicitFileType = wrapper.cfbundle; includeInIndex = 0; path = "CryptoTests-tvOS.xctest"; sourceTree = BUILT_PRODUCTS_DIR; };
		553278EC1FB1AD64009320F3 /* CryptoTests-macOS.xctest */ = {isa = PBXFileReference; explicitFileType = wrapper.cfbundle; includeInIndex = 0; path = "CryptoTests-macOS.xctest"; sourceTree = BUILT_PRODUCTS_DIR; };
		5562B4941FB087FE000E0F88 /* Crypto.framework */ = {isa = PBXFileReference; explicitFileType = wrapper.framework; includeInIndex = 0; path = Crypto.framework; sourceTree = BUILT_PRODUCTS_DIR; };
		5562B4971FB087FE000E0F88 /* Crypto.h */ = {isa = PBXFileReference; lastKnownFileType = sourcecode.c.h; path = Crypto.h; sourceTree = "<group>"; };
		5562B49D1FB087FE000E0F88 /* CryptoTests-iOS.xctest */ = {isa = PBXFileReference; explicitFileType = wrapper.cfbundle; includeInIndex = 0; path = "CryptoTests-iOS.xctest"; sourceTree = BUILT_PRODUCTS_DIR; };
		5562B4A21FB087FE000E0F88 /* HMACTests.swift */ = {isa = PBXFileReference; lastKnownFileType = sourcecode.swift; path = HMACTests.swift; sourceTree = "<group>"; };
		5562B4BB1FB08BB1000E0F88 /* HMAC.swift */ = {isa = PBXFileReference; lastKnownFileType = sourcecode.swift; path = HMAC.swift; sourceTree = "<group>"; };
		5562B4BD1FB08F45000E0F88 /* HMACTestData.swift */ = {isa = PBXFileReference; lastKnownFileType = sourcecode.swift; path = HMACTestData.swift; sourceTree = "<group>"; };
		5562B4C01FB0A01D000E0F88 /* TestUtilities.swift */ = {isa = PBXFileReference; lastKnownFileType = sourcecode.swift; path = TestUtilities.swift; sourceTree = "<group>"; };
/* End PBXFileReference section */

/* Begin PBXFrameworksBuildPhase section */
		553278981FB1AAA1009320F3 /* Frameworks */ = {
			isa = PBXFrameworksBuildPhase;
			buildActionMask = 2147483647;
			files = (
			);
			runOnlyForDeploymentPostprocessing = 0;
		};
		553278AC1FB1AB76009320F3 /* Frameworks */ = {
			isa = PBXFrameworksBuildPhase;
			buildActionMask = 2147483647;
			files = (
			);
			runOnlyForDeploymentPostprocessing = 0;
		};
		553278C21FB1ABDF009320F3 /* Frameworks */ = {
			isa = PBXFrameworksBuildPhase;
			buildActionMask = 2147483647;
			files = (
			);
			runOnlyForDeploymentPostprocessing = 0;
		};
		553278DA1FB1AD55009320F3 /* Frameworks */ = {
			isa = PBXFrameworksBuildPhase;
			buildActionMask = 2147483647;
			files = (
				553278E21FB1AD55009320F3 /* Crypto.framework in Frameworks */,
			);
			runOnlyForDeploymentPostprocessing = 0;
		};
		553278E91FB1AD64009320F3 /* Frameworks */ = {
			isa = PBXFrameworksBuildPhase;
			buildActionMask = 2147483647;
			files = (
				553278F11FB1AD64009320F3 /* Crypto.framework in Frameworks */,
			);
			runOnlyForDeploymentPostprocessing = 0;
		};
		5562B4901FB087FE000E0F88 /* Frameworks */ = {
			isa = PBXFrameworksBuildPhase;
			buildActionMask = 2147483647;
			files = (
			);
			runOnlyForDeploymentPostprocessing = 0;
		};
		5562B49A1FB087FE000E0F88 /* Frameworks */ = {
			isa = PBXFrameworksBuildPhase;
			buildActionMask = 2147483647;
			files = (
				5562B49E1FB087FE000E0F88 /* Crypto.framework in Frameworks */,
			);
			runOnlyForDeploymentPostprocessing = 0;
		};
/* End PBXFrameworksBuildPhase section */

/* Begin PBXGroup section */
		552A723B1FB45CC800190AB7 /* Utilities */ = {
			isa = PBXGroup;
			children = (
				552A72651FB5E0C200190AB7 /* SymmetricTestData.swift */,
				552A72401FB466F400190AB7 /* HashTestData.swift */,
				5562B4BD1FB08F45000E0F88 /* HMACTestData.swift */,
				552A72371FB45C7500190AB7 /* PBKDF2TestData.swift */,
				552A72491FB47CB600190AB7 /* KeyWrapTestData.swift */,
				5562B4C01FB0A01D000E0F88 /* TestUtilities.swift */,
			);
			path = Utilities;
			sourceTree = "<group>";
		};
		553278D61FB1ACAD009320F3 /* Configs */ = {
			isa = PBXGroup;
			children = (
				553278D81FB1ACAD009320F3 /* Crypto-Info.plist */,
				553278D71FB1ACAD009320F3 /* CryptoTests-Info.plist */,
			);
			path = Configs;
			sourceTree = "<group>";
		};
		5562B48A1FB087FE000E0F88 = {
			isa = PBXGroup;
			children = (
				553278D61FB1ACAD009320F3 /* Configs */,
				5562B4961FB087FE000E0F88 /* Sources */,
				5562B4A11FB087FE000E0F88 /* Tests */,
				5562B4951FB087FE000E0F88 /* Products */,
			);
			sourceTree = "<group>";
		};
		5562B4951FB087FE000E0F88 /* Products */ = {
			isa = PBXGroup;
			children = (
				5562B4941FB087FE000E0F88 /* Crypto.framework */,
				5562B49D1FB087FE000E0F88 /* CryptoTests-iOS.xctest */,
				5532789C1FB1AAA1009320F3 /* Crypto.framework */,
				553278B01FB1AB76009320F3 /* Crypto.framework */,
				553278C61FB1ABDF009320F3 /* Crypto.framework */,
				553278DD1FB1AD55009320F3 /* CryptoTests-tvOS.xctest */,
				553278EC1FB1AD64009320F3 /* CryptoTests-macOS.xctest */,
			);
			name = Products;
			sourceTree = "<group>";
		};
		5562B4961FB087FE000E0F88 /* Sources */ = {
			isa = PBXGroup;
			children = (
				5562B4971FB087FE000E0F88 /* Crypto.h */,
				552A72511FB481AB00190AB7 /* Cryptor.swift */,
				552A721B1FB439E400190AB7 /* Digest.swift */,
				5562B4BB1FB08BB1000E0F88 /* HMAC.swift */,
				552A722E1FB445B500190AB7 /* KeyDerivation.swift */,
				552A72201FB43DE000190AB7 /* Random.swift */,
				552A72441FB46EDB00190AB7 /* SymmetricKeyWrap.swift */,
				552A72291FB441FE00190AB7 /* CryptoError.swift */,
				552A72601FB5CC7900190AB7 /* Crypto+Unsafe.swift */,
			);
			path = Sources;
			sourceTree = "<group>";
		};
		5562B4A11FB087FE000E0F88 /* Tests */ = {
			isa = PBXGroup;
			children = (
				552A725C1FB5B67A00190AB7 /* CryptorTests.swift */,
				552A723C1FB4669400190AB7 /* DigestTests.swift */,
				5562B4A21FB087FE000E0F88 /* HMACTests.swift */,
				552A72331FB456FE00190AB7 /* KeyDerivationTests.swift */,
				552A72251FB43FC500190AB7 /* RandomTests.swift */,
				552A724D1FB47DD000190AB7 /* KeyWrapTests.swift */,
				552A723B1FB45CC800190AB7 /* Utilities */,
			);
			path = Tests;
			sourceTree = "<group>";
		};
/* End PBXGroup section */

/* Begin PBXHeadersBuildPhase section */
		553278991FB1AAA1009320F3 /* Headers */ = {
			isa = PBXHeadersBuildPhase;
			buildActionMask = 2147483647;
			files = (
				553278BF1FB1ABC4009320F3 /* Crypto.h in Headers */,
			);
			runOnlyForDeploymentPostprocessing = 0;
		};
		553278AD1FB1AB76009320F3 /* Headers */ = {
			isa = PBXHeadersBuildPhase;
			buildActionMask = 2147483647;
			files = (
				553278C01FB1ABC4009320F3 /* Crypto.h in Headers */,
			);
			runOnlyForDeploymentPostprocessing = 0;
		};
		553278C31FB1ABDF009320F3 /* Headers */ = {
			isa = PBXHeadersBuildPhase;
			buildActionMask = 2147483647;
			files = (
				553278D51FB1AC1E009320F3 /* Crypto.h in Headers */,
			);
			runOnlyForDeploymentPostprocessing = 0;
		};
		5562B4911FB087FE000E0F88 /* Headers */ = {
			isa = PBXHeadersBuildPhase;
			buildActionMask = 2147483647;
			files = (
				5562B4A51FB087FF000E0F88 /* Crypto.h in Headers */,
			);
			runOnlyForDeploymentPostprocessing = 0;
		};
/* End PBXHeadersBuildPhase section */

/* Begin PBXNativeTarget section */
		5532789B1FB1AAA1009320F3 /* Crypto-watchOS */ = {
			isa = PBXNativeTarget;
			buildConfigurationList = 553278A11FB1AAA1009320F3 /* Build configuration list for PBXNativeTarget "Crypto-watchOS" */;
			buildPhases = (
				553278971FB1AAA1009320F3 /* Sources */,
				553278981FB1AAA1009320F3 /* Frameworks */,
				553278991FB1AAA1009320F3 /* Headers */,
				5532789A1FB1AAA1009320F3 /* Resources */,
			);
			buildRules = (
			);
			dependencies = (
			);
			name = "Crypto-watchOS";
			productName = "OTP-watchOS";
			productReference = 5532789C1FB1AAA1009320F3 /* Crypto.framework */;
			productType = "com.apple.product-type.framework";
		};
		553278AF1FB1AB76009320F3 /* Crypto-tvOS */ = {
			isa = PBXNativeTarget;
			buildConfigurationList = 553278B51FB1AB76009320F3 /* Build configuration list for PBXNativeTarget "Crypto-tvOS" */;
			buildPhases = (
				553278AB1FB1AB76009320F3 /* Sources */,
				553278AC1FB1AB76009320F3 /* Frameworks */,
				553278AD1FB1AB76009320F3 /* Headers */,
				553278AE1FB1AB76009320F3 /* Resources */,
			);
			buildRules = (
			);
			dependencies = (
			);
			name = "Crypto-tvOS";
			productName = "OTP-tvOS";
			productReference = 553278B01FB1AB76009320F3 /* Crypto.framework */;
			productType = "com.apple.product-type.framework";
		};
		553278C51FB1ABDF009320F3 /* Crypto-macOS */ = {
			isa = PBXNativeTarget;
			buildConfigurationList = 553278CB1FB1ABDF009320F3 /* Build configuration list for PBXNativeTarget "Crypto-macOS" */;
			buildPhases = (
				553278C11FB1ABDF009320F3 /* Sources */,
				553278C21FB1ABDF009320F3 /* Frameworks */,
				553278C31FB1ABDF009320F3 /* Headers */,
				553278C41FB1ABDF009320F3 /* Resources */,
			);
			buildRules = (
			);
			dependencies = (
			);
			name = "Crypto-macOS";
			productName = "OTP-macOS";
			productReference = 553278C61FB1ABDF009320F3 /* Crypto.framework */;
			productType = "com.apple.product-type.framework";
		};
		553278DC1FB1AD55009320F3 /* CryptoTests-tvOS */ = {
			isa = PBXNativeTarget;
			buildConfigurationList = 553278E51FB1AD55009320F3 /* Build configuration list for PBXNativeTarget "CryptoTests-tvOS" */;
			buildPhases = (
				553278D91FB1AD55009320F3 /* Sources */,
				553278DA1FB1AD55009320F3 /* Frameworks */,
				553278DB1FB1AD55009320F3 /* Resources */,
			);
			buildRules = (
			);
			dependencies = (
				553278E41FB1AD55009320F3 /* PBXTargetDependency */,
			);
			name = "CryptoTests-tvOS";
			productName = "OTPTests-tvOS";
			productReference = 553278DD1FB1AD55009320F3 /* CryptoTests-tvOS.xctest */;
			productType = "com.apple.product-type.bundle.unit-test";
		};
		553278EB1FB1AD64009320F3 /* CryptoTests-macOS */ = {
			isa = PBXNativeTarget;
			buildConfigurationList = 553278F41FB1AD64009320F3 /* Build configuration list for PBXNativeTarget "CryptoTests-macOS" */;
			buildPhases = (
				553278E81FB1AD64009320F3 /* Sources */,
				553278E91FB1AD64009320F3 /* Frameworks */,
				553278EA1FB1AD64009320F3 /* Resources */,
			);
			buildRules = (
			);
			dependencies = (
				553278F31FB1AD64009320F3 /* PBXTargetDependency */,
			);
			name = "CryptoTests-macOS";
			productName = "OTPTests-macOS";
			productReference = 553278EC1FB1AD64009320F3 /* CryptoTests-macOS.xctest */;
			productType = "com.apple.product-type.bundle.unit-test";
		};
		5562B4931FB087FE000E0F88 /* Crypto-iOS */ = {
			isa = PBXNativeTarget;
			buildConfigurationList = 5562B4A81FB087FF000E0F88 /* Build configuration list for PBXNativeTarget "Crypto-iOS" */;
			buildPhases = (
				5562B48F1FB087FE000E0F88 /* Sources */,
				5562B4901FB087FE000E0F88 /* Frameworks */,
				5562B4911FB087FE000E0F88 /* Headers */,
				5562B4921FB087FE000E0F88 /* Resources */,
			);
			buildRules = (
			);
			dependencies = (
			);
			name = "Crypto-iOS";
			productName = TOTP;
			productReference = 5562B4941FB087FE000E0F88 /* Crypto.framework */;
			productType = "com.apple.product-type.framework";
		};
		5562B49C1FB087FE000E0F88 /* CryptoTests-iOS */ = {
			isa = PBXNativeTarget;
			buildConfigurationList = 5562B4AB1FB087FF000E0F88 /* Build configuration list for PBXNativeTarget "CryptoTests-iOS" */;
			buildPhases = (
				5562B4991FB087FE000E0F88 /* Sources */,
				5562B49A1FB087FE000E0F88 /* Frameworks */,
				5562B49B1FB087FE000E0F88 /* Resources */,
			);
			buildRules = (
			);
			dependencies = (
				5562B4A01FB087FE000E0F88 /* PBXTargetDependency */,
			);
			name = "CryptoTests-iOS";
			productName = TOTPTests;
			productReference = 5562B49D1FB087FE000E0F88 /* CryptoTests-iOS.xctest */;
			productType = "com.apple.product-type.bundle.unit-test";
		};
/* End PBXNativeTarget section */

/* Begin PBXProject section */
		5562B48B1FB087FE000E0F88 /* Project object */ = {
			isa = PBXProject;
			attributes = {
				LastSwiftUpdateCheck = 0920;
				LastUpgradeCheck = 0920;
				ORGANIZATIONNAME = "AURA Media";
				TargetAttributes = {
					5532789B1FB1AAA1009320F3 = {
						CreatedOnToolsVersion = 9.2;
						ProvisioningStyle = Manual;
					};
					553278AF1FB1AB76009320F3 = {
						CreatedOnToolsVersion = 9.2;
						ProvisioningStyle = Manual;
					};
					553278C51FB1ABDF009320F3 = {
						CreatedOnToolsVersion = 9.2;
						ProvisioningStyle = Manual;
					};
					553278DC1FB1AD55009320F3 = {
						CreatedOnToolsVersion = 9.2;
						ProvisioningStyle = Manual;
					};
					553278EB1FB1AD64009320F3 = {
						CreatedOnToolsVersion = 9.2;
						ProvisioningStyle = Manual;
					};
					5562B4931FB087FE000E0F88 = {
						CreatedOnToolsVersion = 9.2;
						LastSwiftMigration = 0920;
						ProvisioningStyle = Manual;
					};
					5562B49C1FB087FE000E0F88 = {
						CreatedOnToolsVersion = 9.2;
						ProvisioningStyle = Manual;
					};
				};
			};
			buildConfigurationList = 5562B48E1FB087FE000E0F88 /* Build configuration list for PBXProject "Crypto" */;
			compatibilityVersion = "Xcode 8.0";
			developmentRegion = en;
			hasScannedForEncodings = 0;
			knownRegions = (
				en,
			);
			mainGroup = 5562B48A1FB087FE000E0F88;
			productRefGroup = 5562B4951FB087FE000E0F88 /* Products */;
			projectDirPath = "";
			projectRoot = "";
			targets = (
				5562B4931FB087FE000E0F88 /* Crypto-iOS */,
				5532789B1FB1AAA1009320F3 /* Crypto-watchOS */,
				553278AF1FB1AB76009320F3 /* Crypto-tvOS */,
				553278C51FB1ABDF009320F3 /* Crypto-macOS */,
				5562B49C1FB087FE000E0F88 /* CryptoTests-iOS */,
				553278DC1FB1AD55009320F3 /* CryptoTests-tvOS */,
				553278EB1FB1AD64009320F3 /* CryptoTests-macOS */,
			);
		};
/* End PBXProject section */

/* Begin PBXResourcesBuildPhase section */
		5532789A1FB1AAA1009320F3 /* Resources */ = {
			isa = PBXResourcesBuildPhase;
			buildActionMask = 2147483647;
			files = (
			);
			runOnlyForDeploymentPostprocessing = 0;
		};
		553278AE1FB1AB76009320F3 /* Resources */ = {
			isa = PBXResourcesBuildPhase;
			buildActionMask = 2147483647;
			files = (
			);
			runOnlyForDeploymentPostprocessing = 0;
		};
		553278C41FB1ABDF009320F3 /* Resources */ = {
			isa = PBXResourcesBuildPhase;
			buildActionMask = 2147483647;
			files = (
			);
			runOnlyForDeploymentPostprocessing = 0;
		};
		553278DB1FB1AD55009320F3 /* Resources */ = {
			isa = PBXResourcesBuildPhase;
			buildActionMask = 2147483647;
			files = (
			);
			runOnlyForDeploymentPostprocessing = 0;
		};
		553278EA1FB1AD64009320F3 /* Resources */ = {
			isa = PBXResourcesBuildPhase;
			buildActionMask = 2147483647;
			files = (
			);
			runOnlyForDeploymentPostprocessing = 0;
		};
		5562B4921FB087FE000E0F88 /* Resources */ = {
			isa = PBXResourcesBuildPhase;
			buildActionMask = 2147483647;
			files = (
			);
			runOnlyForDeploymentPostprocessing = 0;
		};
		5562B49B1FB087FE000E0F88 /* Resources */ = {
			isa = PBXResourcesBuildPhase;
			buildActionMask = 2147483647;
			files = (
			);
			runOnlyForDeploymentPostprocessing = 0;
		};
/* End PBXResourcesBuildPhase section */

/* Begin PBXSourcesBuildPhase section */
		553278971FB1AAA1009320F3 /* Sources */ = {
			isa = PBXSourcesBuildPhase;
			buildActionMask = 2147483647;
			files = (
				553278A41FB1AB05009320F3 /* HMAC.swift in Sources */,
				552A721D1FB439E400190AB7 /* Digest.swift in Sources */,
				552A72301FB445B500190AB7 /* KeyDerivation.swift in Sources */,
				552A72461FB46EDB00190AB7 /* SymmetricKeyWrap.swift in Sources */,
				552A72621FB5CC7900190AB7 /* Crypto+Unsafe.swift in Sources */,
				552A72531FB481AB00190AB7 /* Cryptor.swift in Sources */,
				552A72221FB43DE000190AB7 /* Random.swift in Sources */,
				552A722B1FB441FE00190AB7 /* CryptoError.swift in Sources */,
			);
			runOnlyForDeploymentPostprocessing = 0;
		};
		553278AB1FB1AB76009320F3 /* Sources */ = {
			isa = PBXSourcesBuildPhase;
			buildActionMask = 2147483647;
			files = (
				553278B81FB1ABA0009320F3 /* HMAC.swift in Sources */,
				552A721E1FB439E400190AB7 /* Digest.swift in Sources */,
				552A72311FB445B500190AB7 /* KeyDerivation.swift in Sources */,
				552A72471FB46EDB00190AB7 /* SymmetricKeyWrap.swift in Sources */,
				552A72631FB5CC7900190AB7 /* Crypto+Unsafe.swift in Sources */,
				552A72541FB481AB00190AB7 /* Cryptor.swift in Sources */,
				552A72231FB43DE000190AB7 /* Random.swift in Sources */,
				552A722C1FB441FE00190AB7 /* CryptoError.swift in Sources */,
			);
			runOnlyForDeploymentPostprocessing = 0;
		};
		553278C11FB1ABDF009320F3 /* Sources */ = {
			isa = PBXSourcesBuildPhase;
			buildActionMask = 2147483647;
			files = (
				553278CE1FB1AC1A009320F3 /* HMAC.swift in Sources */,
				552A721F1FB439E400190AB7 /* Digest.swift in Sources */,
				552A72321FB445B500190AB7 /* KeyDerivation.swift in Sources */,
				552A72481FB46EDB00190AB7 /* SymmetricKeyWrap.swift in Sources */,
				552A72641FB5CC7900190AB7 /* Crypto+Unsafe.swift in Sources */,
				552A72551FB481AB00190AB7 /* Cryptor.swift in Sources */,
				552A72241FB43DE000190AB7 /* Random.swift in Sources */,
				552A722D1FB441FE00190AB7 /* CryptoError.swift in Sources */,
			);
			runOnlyForDeploymentPostprocessing = 0;
		};
		553278D91FB1AD55009320F3 /* Sources */ = {
			isa = PBXSourcesBuildPhase;
			buildActionMask = 2147483647;
			files = (
				552A72271FB43FC500190AB7 /* RandomTests.swift in Sources */,
				552A723E1FB4669400190AB7 /* DigestTests.swift in Sources */,
				552A724B1FB47CB600190AB7 /* KeyWrapTestData.swift in Sources */,
				552A72351FB456FE00190AB7 /* KeyDerivationTests.swift in Sources */,
				552A72421FB466F400190AB7 /* HashTestData.swift in Sources */,
				552A725E1FB5B69E00190AB7 /* CryptorTests.swift in Sources */,
				553278F71FB1AE83009320F3 /* HMACTests.swift in Sources */,
				553278FE1FB1AE83009320F3 /* TestUtilities.swift in Sources */,
				552A724F1FB47DD000190AB7 /* KeyWrapTests.swift in Sources */,
				552A72671FB5E0C200190AB7 /* SymmetricTestData.swift in Sources */,
				552A72391FB45C7500190AB7 /* PBKDF2TestData.swift in Sources */,
				553278FC1FB1AE83009320F3 /* HMACTestData.swift in Sources */,
			);
			runOnlyForDeploymentPostprocessing = 0;
		};
		553278E81FB1AD64009320F3 /* Sources */ = {
			isa = PBXSourcesBuildPhase;
			buildActionMask = 2147483647;
			files = (
				552A72281FB43FC500190AB7 /* RandomTests.swift in Sources */,
				552A723F1FB4669400190AB7 /* DigestTests.swift in Sources */,
				552A724C1FB47CB600190AB7 /* KeyWrapTestData.swift in Sources */,
				552A72361FB456FE00190AB7 /* KeyDerivationTests.swift in Sources */,
				552A72431FB466F400190AB7 /* HashTestData.swift in Sources */,
				552A725F1FB5B69F00190AB7 /* CryptorTests.swift in Sources */,
				553278FF1FB1AE84009320F3 /* HMACTests.swift in Sources */,
				553279061FB1AE84009320F3 /* TestUtilities.swift in Sources */,
				552A72501FB47DD000190AB7 /* KeyWrapTests.swift in Sources */,
				552A72681FB5E0C200190AB7 /* SymmetricTestData.swift in Sources */,
				552A723A1FB45C7500190AB7 /* PBKDF2TestData.swift in Sources */,
				553279041FB1AE84009320F3 /* HMACTestData.swift in Sources */,
			);
			runOnlyForDeploymentPostprocessing = 0;
		};
		5562B48F1FB087FE000E0F88 /* Sources */ = {
			isa = PBXSourcesBuildPhase;
			buildActionMask = 2147483647;
			files = (
				5562B4BC1FB08BB1000E0F88 /* HMAC.swift in Sources */,
				552A721C1FB439E400190AB7 /* Digest.swift in Sources */,
				552A722F1FB445B500190AB7 /* KeyDerivation.swift in Sources */,
				552A72451FB46EDB00190AB7 /* SymmetricKeyWrap.swift in Sources */,
				552A72611FB5CC7900190AB7 /* Crypto+Unsafe.swift in Sources */,
				552A72521FB481AB00190AB7 /* Cryptor.swift in Sources */,
				552A72211FB43DE000190AB7 /* Random.swift in Sources */,
				552A722A1FB441FE00190AB7 /* CryptoError.swift in Sources */,
			);
			runOnlyForDeploymentPostprocessing = 0;
		};
		5562B4991FB087FE000E0F88 /* Sources */ = {
			isa = PBXSourcesBuildPhase;
			buildActionMask = 2147483647;
			files = (
				552A72261FB43FC500190AB7 /* RandomTests.swift in Sources */,
				552A723D1FB4669400190AB7 /* DigestTests.swift in Sources */,
				552A724A1FB47CB600190AB7 /* KeyWrapTestData.swift in Sources */,
				552A72341FB456FE00190AB7 /* KeyDerivationTests.swift in Sources */,
				552A72411FB466F400190AB7 /* HashTestData.swift in Sources */,
				552A725D1FB5B69E00190AB7 /* CryptorTests.swift in Sources */,
				5562B4C11FB0A01D000E0F88 /* TestUtilities.swift in Sources */,
				5562B4A31FB087FE000E0F88 /* HMACTests.swift in Sources */,
				552A724E1FB47DD000190AB7 /* KeyWrapTests.swift in Sources */,
				552A72661FB5E0C200190AB7 /* SymmetricTestData.swift in Sources */,
				552A72381FB45C7500190AB7 /* PBKDF2TestData.swift in Sources */,
				5562B4BF1FB08F4A000E0F88 /* HMACTestData.swift in Sources */,
			);
			runOnlyForDeploymentPostprocessing = 0;
		};
/* End PBXSourcesBuildPhase section */

/* Begin PBXTargetDependency section */
		553278E41FB1AD55009320F3 /* PBXTargetDependency */ = {
			isa = PBXTargetDependency;
			target = 553278AF1FB1AB76009320F3 /* Crypto-tvOS */;
			targetProxy = 553278E31FB1AD55009320F3 /* PBXContainerItemProxy */;
		};
		553278F31FB1AD64009320F3 /* PBXTargetDependency */ = {
			isa = PBXTargetDependency;
			target = 553278C51FB1ABDF009320F3 /* Crypto-macOS */;
			targetProxy = 553278F21FB1AD64009320F3 /* PBXContainerItemProxy */;
		};
		5562B4A01FB087FE000E0F88 /* PBXTargetDependency */ = {
			isa = PBXTargetDependency;
			target = 5562B4931FB087FE000E0F88 /* Crypto-iOS */;
			targetProxy = 5562B49F1FB087FE000E0F88 /* PBXContainerItemProxy */;
		};
/* End PBXTargetDependency section */

/* Begin XCBuildConfiguration section */
		553278A21FB1AAA1009320F3 /* Debug */ = {
			isa = XCBuildConfiguration;
			buildSettings = {
				APPLICATION_EXTENSION_API_ONLY = YES;
				CODE_SIGN_IDENTITY = "";
				CODE_SIGN_STYLE = Manual;
				DEFINES_MODULE = YES;
				DEVELOPMENT_TEAM = "";
				DYLIB_COMPATIBILITY_VERSION = 1;
				DYLIB_CURRENT_VERSION = 1;
				DYLIB_INSTALL_NAME_BASE = "@rpath";
				INFOPLIST_FILE = "Configs/Crypto-Info.plist";
				INSTALL_PATH = "$(LOCAL_LIBRARY_DIR)/Frameworks";
				LD_RUNPATH_SEARCH_PATHS = "$(inherited) @executable_path/Frameworks @loader_path/Frameworks";
				PRODUCT_BUNDLE_IDENTIFIER = "com.Crypto.Crypto-watchOS";
				PRODUCT_NAME = Crypto;
				PROVISIONING_PROFILE_SPECIFIER = "";
				SDKROOT = watchos;
				SKIP_INSTALL = YES;
				SWIFT_INCLUDE_PATHS = $PROJECT_DIR/modules/watchos;
				SWIFT_VERSION = 3.0;
				TARGETED_DEVICE_FAMILY = 4;
				WATCHOS_DEPLOYMENT_TARGET = 2.0;
			};
			name = Debug;
		};
		553278A31FB1AAA1009320F3 /* Release */ = {
			isa = XCBuildConfiguration;
			buildSettings = {
				APPLICATION_EXTENSION_API_ONLY = YES;
				CODE_SIGN_IDENTITY = "";
				CODE_SIGN_STYLE = Manual;
				DEFINES_MODULE = YES;
				DEVELOPMENT_TEAM = "";
				DYLIB_COMPATIBILITY_VERSION = 1;
				DYLIB_CURRENT_VERSION = 1;
				DYLIB_INSTALL_NAME_BASE = "@rpath";
				INFOPLIST_FILE = "Configs/Crypto-Info.plist";
				INSTALL_PATH = "$(LOCAL_LIBRARY_DIR)/Frameworks";
				LD_RUNPATH_SEARCH_PATHS = "$(inherited) @executable_path/Frameworks @loader_path/Frameworks";
				PRODUCT_BUNDLE_IDENTIFIER = "com.Crypto.Crypto-watchOS";
				PRODUCT_NAME = Crypto;
				PROVISIONING_PROFILE_SPECIFIER = "";
				SDKROOT = watchos;
				SKIP_INSTALL = YES;
				SWIFT_INCLUDE_PATHS = $PROJECT_DIR/modules/watchos;
				SWIFT_VERSION = 3.0;
				TARGETED_DEVICE_FAMILY = 4;
				WATCHOS_DEPLOYMENT_TARGET = 2.0;
			};
			name = Release;
		};
		553278B61FB1AB76009320F3 /* Debug */ = {
			isa = XCBuildConfiguration;
			buildSettings = {
				APPLICATION_EXTENSION_API_ONLY = YES;
				CODE_SIGN_IDENTITY = "";
				CODE_SIGN_STYLE = Manual;
				DEFINES_MODULE = YES;
				DEVELOPMENT_TEAM = "";
				DYLIB_COMPATIBILITY_VERSION = 1;
				DYLIB_CURRENT_VERSION = 1;
				DYLIB_INSTALL_NAME_BASE = "@rpath";
				INFOPLIST_FILE = "Configs/Crypto-Info.plist";
				INSTALL_PATH = "$(LOCAL_LIBRARY_DIR)/Frameworks";
				LD_RUNPATH_SEARCH_PATHS = "$(inherited) @executable_path/Frameworks @loader_path/Frameworks";
				PRODUCT_BUNDLE_IDENTIFIER = "com.Crypto.Crypto-tvOS";
				PRODUCT_NAME = Crypto;
				PROVISIONING_PROFILE_SPECIFIER = "";
				SDKROOT = appletvos;
				SKIP_INSTALL = YES;
				SWIFT_INCLUDE_PATHS = $PROJECT_DIR/modules/tvos;
				SWIFT_VERSION = 3.0;
				TARGETED_DEVICE_FAMILY = 3;
				TVOS_DEPLOYMENT_TARGET = 9.0;
			};
			name = Debug;
		};
		553278B71FB1AB76009320F3 /* Release */ = {
			isa = XCBuildConfiguration;
			buildSettings = {
				APPLICATION_EXTENSION_API_ONLY = YES;
				CODE_SIGN_IDENTITY = "";
				CODE_SIGN_STYLE = Manual;
				DEFINES_MODULE = YES;
				DEVELOPMENT_TEAM = "";
				DYLIB_COMPATIBILITY_VERSION = 1;
				DYLIB_CURRENT_VERSION = 1;
				DYLIB_INSTALL_NAME_BASE = "@rpath";
				INFOPLIST_FILE = "Configs/Crypto-Info.plist";
				INSTALL_PATH = "$(LOCAL_LIBRARY_DIR)/Frameworks";
				LD_RUNPATH_SEARCH_PATHS = "$(inherited) @executable_path/Frameworks @loader_path/Frameworks";
				PRODUCT_BUNDLE_IDENTIFIER = "com.Crypto.Crypto-tvOS";
				PRODUCT_NAME = Crypto;
				PROVISIONING_PROFILE_SPECIFIER = "";
				SDKROOT = appletvos;
				SKIP_INSTALL = YES;
				SWIFT_INCLUDE_PATHS = $PROJECT_DIR/modules/tvos;
				SWIFT_VERSION = 3.0;
				TARGETED_DEVICE_FAMILY = 3;
				TVOS_DEPLOYMENT_TARGET = 9.0;
			};
			name = Release;
		};
		553278CC1FB1ABDF009320F3 /* Debug */ = {
			isa = XCBuildConfiguration;
			buildSettings = {
				APPLICATION_EXTENSION_API_ONLY = YES;
				CODE_SIGN_IDENTITY = "Mac Developer";
				CODE_SIGN_STYLE = Manual;
				COMBINE_HIDPI_IMAGES = YES;
				DEFINES_MODULE = YES;
				DEVELOPMENT_TEAM = "";
				DYLIB_COMPATIBILITY_VERSION = 1;
				DYLIB_CURRENT_VERSION = 1;
				DYLIB_INSTALL_NAME_BASE = "@rpath";
				FRAMEWORK_VERSION = A;
				INFOPLIST_FILE = "Configs/Crypto-Info.plist";
				INSTALL_PATH = "$(LOCAL_LIBRARY_DIR)/Frameworks";
				LD_RUNPATH_SEARCH_PATHS = "$(inherited) @executable_path/../Frameworks @loader_path/Frameworks";
				MACOSX_DEPLOYMENT_TARGET = 10.10;
				PRODUCT_BUNDLE_IDENTIFIER = "com.Crypto.Crypto-macOS";
				PRODUCT_NAME = Crypto;
				PROVISIONING_PROFILE_SPECIFIER = "";
				SDKROOT = macosx;
				SKIP_INSTALL = YES;
				SWIFT_INCLUDE_PATHS = $PROJECT_DIR/modules/macos;
				SWIFT_VERSION = 3.0;
			};
			name = Debug;
		};
		553278CD1FB1ABDF009320F3 /* Release */ = {
			isa = XCBuildConfiguration;
			buildSettings = {
				APPLICATION_EXTENSION_API_ONLY = YES;
				CODE_SIGN_IDENTITY = "Mac Developer";
				CODE_SIGN_STYLE = Manual;
				COMBINE_HIDPI_IMAGES = YES;
				DEFINES_MODULE = YES;
				DEVELOPMENT_TEAM = "";
				DYLIB_COMPATIBILITY_VERSION = 1;
				DYLIB_CURRENT_VERSION = 1;
				DYLIB_INSTALL_NAME_BASE = "@rpath";
				FRAMEWORK_VERSION = A;
				INFOPLIST_FILE = "Configs/Crypto-Info.plist";
				INSTALL_PATH = "$(LOCAL_LIBRARY_DIR)/Frameworks";
				LD_RUNPATH_SEARCH_PATHS = "$(inherited) @executable_path/../Frameworks @loader_path/Frameworks";
				MACOSX_DEPLOYMENT_TARGET = 10.10;
				PRODUCT_BUNDLE_IDENTIFIER = "com.Crypto.Crypto-macOS";
				PRODUCT_NAME = Crypto;
				PROVISIONING_PROFILE_SPECIFIER = "";
				SDKROOT = macosx;
				SKIP_INSTALL = YES;
				SWIFT_INCLUDE_PATHS = $PROJECT_DIR/modules/macos;
				SWIFT_VERSION = 3.0;
			};
			name = Release;
		};
		553278E61FB1AD55009320F3 /* Debug */ = {
			isa = XCBuildConfiguration;
			buildSettings = {
				ALWAYS_EMBED_SWIFT_STANDARD_LIBRARIES = YES;
				CODE_SIGN_IDENTITY = "";
				CODE_SIGN_STYLE = Manual;
				INFOPLIST_FILE = "Configs/CryptoTests-Info.plist";
				LD_RUNPATH_SEARCH_PATHS = "$(inherited) @executable_path/Frameworks @loader_path/Frameworks";
				PRODUCT_BUNDLE_IDENTIFIER = "com.Crypto.CryptoTests-tvOS";
				PRODUCT_NAME = "$(TARGET_NAME)";
				SDKROOT = appletvos;
				SWIFT_VERSION = 4.0;
				TARGETED_DEVICE_FAMILY = 3;
				TVOS_DEPLOYMENT_TARGET = 9.0;
			};
			name = Debug;
		};
		553278E71FB1AD55009320F3 /* Release */ = {
			isa = XCBuildConfiguration;
			buildSettings = {
				ALWAYS_EMBED_SWIFT_STANDARD_LIBRARIES = YES;
				CODE_SIGN_IDENTITY = "";
				CODE_SIGN_STYLE = Manual;
				INFOPLIST_FILE = "Configs/CryptoTests-Info.plist";
				LD_RUNPATH_SEARCH_PATHS = "$(inherited) @executable_path/Frameworks @loader_path/Frameworks";
				PRODUCT_BUNDLE_IDENTIFIER = "com.Crypto.CryptoTests-tvOS";
				PRODUCT_NAME = "$(TARGET_NAME)";
				SDKROOT = appletvos;
				SWIFT_VERSION = 4.0;
				TARGETED_DEVICE_FAMILY = 3;
				TVOS_DEPLOYMENT_TARGET = 9.0;
			};
			name = Release;
		};
		553278F51FB1AD64009320F3 /* Debug */ = {
			isa = XCBuildConfiguration;
			buildSettings = {
				ALWAYS_EMBED_SWIFT_STANDARD_LIBRARIES = YES;
				CODE_SIGN_IDENTITY = "";
				CODE_SIGN_STYLE = Manual;
				COMBINE_HIDPI_IMAGES = YES;
				DEVELOPMENT_TEAM = "";
				INFOPLIST_FILE = "Configs/CryptoTests-Info.plist";
				LD_RUNPATH_SEARCH_PATHS = "$(inherited) @executable_path/../Frameworks @loader_path/../Frameworks";
				MACOSX_DEPLOYMENT_TARGET = 10.10;
				PRODUCT_BUNDLE_IDENTIFIER = "com.Crypto.CryptoTests-macOS";
				PRODUCT_NAME = "$(TARGET_NAME)";
				PROVISIONING_PROFILE_SPECIFIER = "";
				SDKROOT = macosx;
				SWIFT_VERSION = 4.0;
			};
			name = Debug;
		};
		553278F61FB1AD64009320F3 /* Release */ = {
			isa = XCBuildConfiguration;
			buildSettings = {
				ALWAYS_EMBED_SWIFT_STANDARD_LIBRARIES = YES;
				CODE_SIGN_IDENTITY = "";
				CODE_SIGN_STYLE = Manual;
				COMBINE_HIDPI_IMAGES = YES;
				DEVELOPMENT_TEAM = "";
				INFOPLIST_FILE = "Configs/CryptoTests-Info.plist";
				LD_RUNPATH_SEARCH_PATHS = "$(inherited) @executable_path/../Frameworks @loader_path/../Frameworks";
				MACOSX_DEPLOYMENT_TARGET = 10.10;
				PRODUCT_BUNDLE_IDENTIFIER = "com.Crypto.CryptoTests-macOS";
				PRODUCT_NAME = "$(TARGET_NAME)";
				PROVISIONING_PROFILE_SPECIFIER = "";
				SDKROOT = macosx;
				SWIFT_VERSION = 4.0;
			};
			name = Release;
		};
		5562B4A61FB087FF000E0F88 /* Debug */ = {
			isa = XCBuildConfiguration;
			buildSettings = {
				ALWAYS_SEARCH_USER_PATHS = NO;
				CLANG_ANALYZER_NONNULL = YES;
				CLANG_ANALYZER_NUMBER_OBJECT_CONVERSION = YES_AGGRESSIVE;
				CLANG_CXX_LANGUAGE_STANDARD = "gnu++14";
				CLANG_CXX_LIBRARY = "libc++";
				CLANG_ENABLE_MODULES = YES;
				CLANG_ENABLE_OBJC_ARC = YES;
				CLANG_WARN_BLOCK_CAPTURE_AUTORELEASING = YES;
				CLANG_WARN_BOOL_CONVERSION = YES;
				CLANG_WARN_COMMA = YES;
				CLANG_WARN_CONSTANT_CONVERSION = YES;
				CLANG_WARN_DIRECT_OBJC_ISA_USAGE = YES_ERROR;
				CLANG_WARN_DOCUMENTATION_COMMENTS = YES;
				CLANG_WARN_EMPTY_BODY = YES;
				CLANG_WARN_ENUM_CONVERSION = YES;
				CLANG_WARN_INFINITE_RECURSION = YES;
				CLANG_WARN_INT_CONVERSION = YES;
				CLANG_WARN_NON_LITERAL_NULL_CONVERSION = YES;
				CLANG_WARN_OBJC_LITERAL_CONVERSION = YES;
				CLANG_WARN_OBJC_ROOT_CLASS = YES_ERROR;
				CLANG_WARN_RANGE_LOOP_ANALYSIS = YES;
				CLANG_WARN_STRICT_PROTOTYPES = YES;
				CLANG_WARN_SUSPICIOUS_MOVE = YES;
				CLANG_WARN_UNGUARDED_AVAILABILITY = YES_AGGRESSIVE;
				CLANG_WARN_UNREACHABLE_CODE = YES;
				CLANG_WARN__DUPLICATE_METHOD_MATCH = YES;
				CODE_SIGN_IDENTITY = "iPhone Developer";
				COPY_PHASE_STRIP = NO;
				CURRENT_PROJECT_VERSION = 1;
				DEBUG_INFORMATION_FORMAT = dwarf;
				ENABLE_STRICT_OBJC_MSGSEND = YES;
				ENABLE_TESTABILITY = YES;
				GCC_C_LANGUAGE_STANDARD = gnu11;
				GCC_DYNAMIC_NO_PIC = NO;
				GCC_NO_COMMON_BLOCKS = YES;
				GCC_OPTIMIZATION_LEVEL = 0;
				GCC_PREPROCESSOR_DEFINITIONS = (
					"DEBUG=1",
					"$(inherited)",
				);
				GCC_WARN_64_TO_32_BIT_CONVERSION = YES;
				GCC_WARN_ABOUT_RETURN_TYPE = YES_ERROR;
				GCC_WARN_UNDECLARED_SELECTOR = YES;
				GCC_WARN_UNINITIALIZED_AUTOS = YES_AGGRESSIVE;
				GCC_WARN_UNUSED_FUNCTION = YES;
				GCC_WARN_UNUSED_VARIABLE = YES;
				IPHONEOS_DEPLOYMENT_TARGET = 11.2;
				MTL_ENABLE_DEBUG_INFO = YES;
				ONLY_ACTIVE_ARCH = YES;
				SDKROOT = iphoneos;
				SWIFT_ACTIVE_COMPILATION_CONDITIONS = DEBUG;
				SWIFT_OPTIMIZATION_LEVEL = "-Onone";
				VERSIONING_SYSTEM = "apple-generic";
				VERSION_INFO_PREFIX = "";
			};
			name = Debug;
		};
		5562B4A71FB087FF000E0F88 /* Release */ = {
			isa = XCBuildConfiguration;
			buildSettings = {
				ALWAYS_SEARCH_USER_PATHS = NO;
				CLANG_ANALYZER_NONNULL = YES;
				CLANG_ANALYZER_NUMBER_OBJECT_CONVERSION = YES_AGGRESSIVE;
				CLANG_CXX_LANGUAGE_STANDARD = "gnu++14";
				CLANG_CXX_LIBRARY = "libc++";
				CLANG_ENABLE_MODULES = YES;
				CLANG_ENABLE_OBJC_ARC = YES;
				CLANG_WARN_BLOCK_CAPTURE_AUTORELEASING = YES;
				CLANG_WARN_BOOL_CONVERSION = YES;
				CLANG_WARN_COMMA = YES;
				CLANG_WARN_CONSTANT_CONVERSION = YES;
				CLANG_WARN_DIRECT_OBJC_ISA_USAGE = YES_ERROR;
				CLANG_WARN_DOCUMENTATION_COMMENTS = YES;
				CLANG_WARN_EMPTY_BODY = YES;
				CLANG_WARN_ENUM_CONVERSION = YES;
				CLANG_WARN_INFINITE_RECURSION = YES;
				CLANG_WARN_INT_CONVERSION = YES;
				CLANG_WARN_NON_LITERAL_NULL_CONVERSION = YES;
				CLANG_WARN_OBJC_LITERAL_CONVERSION = YES;
				CLANG_WARN_OBJC_ROOT_CLASS = YES_ERROR;
				CLANG_WARN_RANGE_LOOP_ANALYSIS = YES;
				CLANG_WARN_STRICT_PROTOTYPES = YES;
				CLANG_WARN_SUSPICIOUS_MOVE = YES;
				CLANG_WARN_UNGUARDED_AVAILABILITY = YES_AGGRESSIVE;
				CLANG_WARN_UNREACHABLE_CODE = YES;
				CLANG_WARN__DUPLICATE_METHOD_MATCH = YES;
				CODE_SIGN_IDENTITY = "iPhone Developer";
				COPY_PHASE_STRIP = NO;
				CURRENT_PROJECT_VERSION = 1;
				DEBUG_INFORMATION_FORMAT = "dwarf-with-dsym";
				ENABLE_NS_ASSERTIONS = NO;
				ENABLE_STRICT_OBJC_MSGSEND = YES;
				GCC_C_LANGUAGE_STANDARD = gnu11;
				GCC_NO_COMMON_BLOCKS = YES;
				GCC_WARN_64_TO_32_BIT_CONVERSION = YES;
				GCC_WARN_ABOUT_RETURN_TYPE = YES_ERROR;
				GCC_WARN_UNDECLARED_SELECTOR = YES;
				GCC_WARN_UNINITIALIZED_AUTOS = YES_AGGRESSIVE;
				GCC_WARN_UNUSED_FUNCTION = YES;
				GCC_WARN_UNUSED_VARIABLE = YES;
				IPHONEOS_DEPLOYMENT_TARGET = 11.2;
				MTL_ENABLE_DEBUG_INFO = NO;
				SDKROOT = iphoneos;
				SWIFT_OPTIMIZATION_LEVEL = "-Owholemodule";
				VALIDATE_PRODUCT = YES;
				VERSIONING_SYSTEM = "apple-generic";
				VERSION_INFO_PREFIX = "";
			};
			name = Release;
		};
		5562B4A91FB087FF000E0F88 /* Debug */ = {
			isa = XCBuildConfiguration;
			buildSettings = {
				APPLICATION_EXTENSION_API_ONLY = YES;
				CLANG_ENABLE_MODULES = YES;
				CODE_SIGN_IDENTITY = "";
				CODE_SIGN_STYLE = Manual;
				DEFINES_MODULE = YES;
				DEVELOPMENT_TEAM = "";
				DYLIB_COMPATIBILITY_VERSION = 1;
				DYLIB_CURRENT_VERSION = 1;
				DYLIB_INSTALL_NAME_BASE = "@rpath";
				INFOPLIST_FILE = "Configs/Crypto-Info.plist";
				INSTALL_PATH = "$(LOCAL_LIBRARY_DIR)/Frameworks";
				IPHONEOS_DEPLOYMENT_TARGET = 8.0;
				LD_RUNPATH_SEARCH_PATHS = "$(inherited) @executable_path/Frameworks @loader_path/Frameworks";
				MACOSX_DEPLOYMENT_TARGET = 10.9;
				PRODUCT_BUNDLE_IDENTIFIER = "com.Crypto.Crypto-iOS";
				PRODUCT_NAME = Crypto;
				PROVISIONING_PROFILE_SPECIFIER = "";
				SKIP_INSTALL = YES;
				SUPPORTED_PLATFORMS = "iphonesimulator iphoneos";
				SWIFT_INCLUDE_PATHS = $PROJECT_DIR/modules/ios;
				SWIFT_OPTIMIZATION_LEVEL = "-Onone";
				SWIFT_VERSION = 3.0;
				TARGETED_DEVICE_FAMILY = "1,2";
				TVOS_DEPLOYMENT_TARGET = 9.0;
				WATCHOS_DEPLOYMENT_TARGET = 2.0;
			};
			name = Debug;
		};
		5562B4AA1FB087FF000E0F88 /* Release */ = {
			isa = XCBuildConfiguration;
			buildSettings = {
				APPLICATION_EXTENSION_API_ONLY = YES;
				CLANG_ENABLE_MODULES = YES;
				CODE_SIGN_IDENTITY = "";
				CODE_SIGN_STYLE = Manual;
				DEFINES_MODULE = YES;
				DEVELOPMENT_TEAM = "";
				DYLIB_COMPATIBILITY_VERSION = 1;
				DYLIB_CURRENT_VERSION = 1;
				DYLIB_INSTALL_NAME_BASE = "@rpath";
				INFOPLIST_FILE = "Configs/Crypto-Info.plist";
				INSTALL_PATH = "$(LOCAL_LIBRARY_DIR)/Frameworks";
				IPHONEOS_DEPLOYMENT_TARGET = 8.0;
				LD_RUNPATH_SEARCH_PATHS = "$(inherited) @executable_path/Frameworks @loader_path/Frameworks";
				MACOSX_DEPLOYMENT_TARGET = 10.9;
				PRODUCT_BUNDLE_IDENTIFIER = "com.Crypto.Crypto-iOS";
				PRODUCT_NAME = Crypto;
				PROVISIONING_PROFILE_SPECIFIER = "";
				SKIP_INSTALL = YES;
				SUPPORTED_PLATFORMS = "iphonesimulator iphoneos";
				SWIFT_INCLUDE_PATHS = $PROJECT_DIR/modules/ios;
				SWIFT_VERSION = 3.0;
				TARGETED_DEVICE_FAMILY = "1,2";
				TVOS_DEPLOYMENT_TARGET = 9.0;
				WATCHOS_DEPLOYMENT_TARGET = 2.0;
			};
			name = Release;
		};
		5562B4AC1FB087FF000E0F88 /* Debug */ = {
			isa = XCBuildConfiguration;
			buildSettings = {
				ALWAYS_EMBED_SWIFT_STANDARD_LIBRARIES = YES;
				CODE_SIGN_IDENTITY = "";
				CODE_SIGN_STYLE = Manual;
				DEVELOPMENT_TEAM = "";
				INFOPLIST_FILE = "Configs/CryptoTests-Info.plist";
				IPHONEOS_DEPLOYMENT_TARGET = 8.0;
				LD_RUNPATH_SEARCH_PATHS = "$(inherited) @executable_path/Frameworks @loader_path/Frameworks";
				PRODUCT_BUNDLE_IDENTIFIER = "com.Crypto.Crypto-iOS-Tests";
				PRODUCT_NAME = "$(TARGET_NAME)";
				PROVISIONING_PROFILE_SPECIFIER = "";
				SWIFT_VERSION = 4.0;
				TARGETED_DEVICE_FAMILY = "1,2";
			};
			name = Debug;
		};
		5562B4AD1FB087FF000E0F88 /* Release */ = {
			isa = XCBuildConfiguration;
			buildSettings = {
				ALWAYS_EMBED_SWIFT_STANDARD_LIBRARIES = YES;
				CODE_SIGN_IDENTITY = "";
				CODE_SIGN_STYLE = Manual;
				DEVELOPMENT_TEAM = "";
				INFOPLIST_FILE = "Configs/CryptoTests-Info.plist";
				IPHONEOS_DEPLOYMENT_TARGET = 8.0;
				LD_RUNPATH_SEARCH_PATHS = "$(inherited) @executable_path/Frameworks @loader_path/Frameworks";
				PRODUCT_BUNDLE_IDENTIFIER = "com.Crypto.Crypto-iOS-Tests";
				PRODUCT_NAME = "$(TARGET_NAME)";
				PROVISIONING_PROFILE_SPECIFIER = "";
				SWIFT_VERSION = 4.0;
				TARGETED_DEVICE_FAMILY = "1,2";
			};
			name = Release;
		};
/* End XCBuildConfiguration section */

/* Begin XCConfigurationList section */
		553278A11FB1AAA1009320F3 /* Build configuration list for PBXNativeTarget "Crypto-watchOS" */ = {
			isa = XCConfigurationList;
			buildConfigurations = (
				553278A21FB1AAA1009320F3 /* Debug */,
				553278A31FB1AAA1009320F3 /* Release */,
			);
			defaultConfigurationIsVisible = 0;
			defaultConfigurationName = Release;
		};
		553278B51FB1AB76009320F3 /* Build configuration list for PBXNativeTarget "Crypto-tvOS" */ = {
			isa = XCConfigurationList;
			buildConfigurations = (
				553278B61FB1AB76009320F3 /* Debug */,
				553278B71FB1AB76009320F3 /* Release */,
			);
			defaultConfigurationIsVisible = 0;
			defaultConfigurationName = Release;
		};
		553278CB1FB1ABDF009320F3 /* Build configuration list for PBXNativeTarget "Crypto-macOS" */ = {
			isa = XCConfigurationList;
			buildConfigurations = (
				553278CC1FB1ABDF009320F3 /* Debug */,
				553278CD1FB1ABDF009320F3 /* Release */,
			);
			defaultConfigurationIsVisible = 0;
			defaultConfigurationName = Release;
		};
		553278E51FB1AD55009320F3 /* Build configuration list for PBXNativeTarget "CryptoTests-tvOS" */ = {
			isa = XCConfigurationList;
			buildConfigurations = (
				553278E61FB1AD55009320F3 /* Debug */,
				553278E71FB1AD55009320F3 /* Release */,
			);
			defaultConfigurationIsVisible = 0;
			defaultConfigurationName = Release;
		};
		553278F41FB1AD64009320F3 /* Build configuration list for PBXNativeTarget "CryptoTests-macOS" */ = {
			isa = XCConfigurationList;
			buildConfigurations = (
				553278F51FB1AD64009320F3 /* Debug */,
				553278F61FB1AD64009320F3 /* Release */,
			);
			defaultConfigurationIsVisible = 0;
			defaultConfigurationName = Release;
		};
		5562B48E1FB087FE000E0F88 /* Build configuration list for PBXProject "Crypto" */ = {
			isa = XCConfigurationList;
			buildConfigurations = (
				5562B4A61FB087FF000E0F88 /* Debug */,
				5562B4A71FB087FF000E0F88 /* Release */,
			);
			defaultConfigurationIsVisible = 0;
			defaultConfigurationName = Release;
		};
		5562B4A81FB087FF000E0F88 /* Build configuration list for PBXNativeTarget "Crypto-iOS" */ = {
			isa = XCConfigurationList;
			buildConfigurations = (
				5562B4A91FB087FF000E0F88 /* Debug */,
				5562B4AA1FB087FF000E0F88 /* Release */,
			);
			defaultConfigurationIsVisible = 0;
			defaultConfigurationName = Release;
		};
		5562B4AB1FB087FF000E0F88 /* Build configuration list for PBXNativeTarget "CryptoTests-iOS" */ = {
			isa = XCConfigurationList;
			buildConfigurations = (
				5562B4AC1FB087FF000E0F88 /* Debug */,
				5562B4AD1FB087FF000E0F88 /* Release */,
			);
			defaultConfigurationIsVisible = 0;
			defaultConfigurationName = Release;
		};
/* End XCConfigurationList section */
	};
	rootObject = 5562B48B1FB087FE000E0F88 /* Project object */;
}
